// !$*UTF8*$!
{
	archiveVersion = 1;
	classes = {
	};
	objectVersion = 50;
	objects = {

/* Begin PBXBuildFile section */
		A052028422D9099F00AFE60F /* AppDelegate.swift in Sources */ = {isa = PBXBuildFile; fileRef = A052028322D9099F00AFE60F /* AppDelegate.swift */; };
		A052028622D9099F00AFE60F /* LoginController.swift in Sources */ = {isa = PBXBuildFile; fileRef = A052028522D9099F00AFE60F /* LoginController.swift */; };
		A052028922D9099F00AFE60F /* Main.storyboard in Resources */ = {isa = PBXBuildFile; fileRef = A052028722D9099F00AFE60F /* Main.storyboard */; };
		A052028B22D909A000AFE60F /* Assets.xcassets in Resources */ = {isa = PBXBuildFile; fileRef = A052028A22D909A000AFE60F /* Assets.xcassets */; };
		A052028E22D909A000AFE60F /* LaunchScreen.storyboard in Resources */ = {isa = PBXBuildFile; fileRef = A052028C22D909A000AFE60F /* LaunchScreen.storyboard */; };
		A052029B22D90AD400AFE60F /* SignInController.swift in Sources */ = {isa = PBXBuildFile; fileRef = A052029A22D90AD400AFE60F /* SignInController.swift */; };
		A05202A022D90C8500AFE60F /* RoundedButton.swift in Sources */ = {isa = PBXBuildFile; fileRef = A052029F22D90C8500AFE60F /* RoundedButton.swift */; };
		A05202A222D90CC700AFE60F /* RoundedImageView.swift in Sources */ = {isa = PBXBuildFile; fileRef = A05202A122D90CC700AFE60F /* RoundedImageView.swift */; };
		A05202A422D90CFD00AFE60F /* RoundedTextFied.swift in Sources */ = {isa = PBXBuildFile; fileRef = A05202A322D90CFD00AFE60F /* RoundedTextFied.swift */; };
		A05202A622D90E7F00AFE60F /* CreateFilmController.swift in Sources */ = {isa = PBXBuildFile; fileRef = A05202A522D90E7F00AFE60F /* CreateFilmController.swift */; };
		A05202A822D90ECB00AFE60F /* SenarioController.swift in Sources */ = {isa = PBXBuildFile; fileRef = A05202A722D90ECB00AFE60F /* SenarioController.swift */; };
		A05202AA22D90EF700AFE60F /* ProfilController.swift in Sources */ = {isa = PBXBuildFile; fileRef = A05202A922D90EF700AFE60F /* ProfilController.swift */; };
		A05202AC22D90F2800AFE60F /* MusicController.swift in Sources */ = {isa = PBXBuildFile; fileRef = A05202AB22D90F2800AFE60F /* MusicController.swift */; };
		A05202AE22D90F5900AFE60F /* UserService.swift in Sources */ = {isa = PBXBuildFile; fileRef = A05202AD22D90F5900AFE60F /* UserService.swift */; };
		A05202B022D90FE900AFE60F /* User.swift in Sources */ = {isa = PBXBuildFile; fileRef = A05202AF22D90FE900AFE60F /* User.swift */; };
		A05202B222D9105200AFE60F /* HandlerResult.swift in Sources */ = {isa = PBXBuildFile; fileRef = A05202B122D9105200AFE60F /* HandlerResult.swift */; };
		A05202B422D9110600AFE60F /* UserSession.swift in Sources */ = {isa = PBXBuildFile; fileRef = A05202B322D9110600AFE60F /* UserSession.swift */; };
		A05202B622D9115F00AFE60F /* Film.swift in Sources */ = {isa = PBXBuildFile; fileRef = A05202B522D9115F00AFE60F /* Film.swift */; };
/* End PBXBuildFile section */

/* Begin PBXFileReference section */
		A052028022D9099F00AFE60F /* VuyImmo.app */ = {isa = PBXFileReference; explicitFileType = wrapper.application; includeInIndex = 0; path = VuyImmo.app; sourceTree = BUILT_PRODUCTS_DIR; };
		A052028322D9099F00AFE60F /* AppDelegate.swift */ = {isa = PBXFileReference; lastKnownFileType = sourcecode.swift; path = AppDelegate.swift; sourceTree = "<group>"; };
		A052028522D9099F00AFE60F /* LoginController.swift */ = {isa = PBXFileReference; lastKnownFileType = sourcecode.swift; path = LoginController.swift; sourceTree = "<group>"; };
		A052028822D9099F00AFE60F /* Base */ = {isa = PBXFileReference; lastKnownFileType = file.storyboard; name = Base; path = Base.lproj/Main.storyboard; sourceTree = "<group>"; };
		A052028A22D909A000AFE60F /* Assets.xcassets */ = {isa = PBXFileReference; lastKnownFileType = folder.assetcatalog; path = Assets.xcassets; sourceTree = "<group>"; };
		A052028D22D909A000AFE60F /* Base */ = {isa = PBXFileReference; lastKnownFileType = file.storyboard; name = Base; path = Base.lproj/LaunchScreen.storyboard; sourceTree = "<group>"; };
		A052028F22D909A000AFE60F /* Info.plist */ = {isa = PBXFileReference; lastKnownFileType = text.plist.xml; path = Info.plist; sourceTree = "<group>"; };
		A052029A22D90AD400AFE60F /* SignInController.swift */ = {isa = PBXFileReference; lastKnownFileType = sourcecode.swift; path = SignInController.swift; sourceTree = "<group>"; };
		A052029F22D90C8500AFE60F /* RoundedButton.swift */ = {isa = PBXFileReference; lastKnownFileType = sourcecode.swift; path = RoundedButton.swift; sourceTree = "<group>"; };
		A05202A122D90CC700AFE60F /* RoundedImageView.swift */ = {isa = PBXFileReference; lastKnownFileType = sourcecode.swift; path = RoundedImageView.swift; sourceTree = "<group>"; };
		A05202A322D90CFD00AFE60F /* RoundedTextFied.swift */ = {isa = PBXFileReference; lastKnownFileType = sourcecode.swift; path = RoundedTextFied.swift; sourceTree = "<group>"; };
		A05202A522D90E7F00AFE60F /* CreateFilmController.swift */ = {isa = PBXFileReference; lastKnownFileType = sourcecode.swift; path = CreateFilmController.swift; sourceTree = "<group>"; };
		A05202A722D90ECB00AFE60F /* SenarioController.swift */ = {isa = PBXFileReference; lastKnownFileType = sourcecode.swift; path = SenarioController.swift; sourceTree = "<group>"; };
		A05202A922D90EF700AFE60F /* ProfilController.swift */ = {isa = PBXFileReference; lastKnownFileType = sourcecode.swift; path = ProfilController.swift; sourceTree = "<group>"; };
		A05202AB22D90F2800AFE60F /* MusicController.swift */ = {isa = PBXFileReference; lastKnownFileType = sourcecode.swift; path = MusicController.swift; sourceTree = "<group>"; };
		A05202AD22D90F5900AFE60F /* UserService.swift */ = {isa = PBXFileReference; lastKnownFileType = sourcecode.swift; path = UserService.swift; sourceTree = "<group>"; };
		A05202AF22D90FE900AFE60F /* User.swift */ = {isa = PBXFileReference; lastKnownFileType = sourcecode.swift; path = User.swift; sourceTree = "<group>"; };
		A05202B122D9105200AFE60F /* HandlerResult.swift */ = {isa = PBXFileReference; lastKnownFileType = sourcecode.swift; path = HandlerResult.swift; sourceTree = "<group>"; };
		A05202B322D9110600AFE60F /* UserSession.swift */ = {isa = PBXFileReference; lastKnownFileType = sourcecode.swift; path = UserSession.swift; sourceTree = "<group>"; };
		A05202B522D9115F00AFE60F /* Film.swift */ = {isa = PBXFileReference; lastKnownFileType = sourcecode.swift; path = Film.swift; sourceTree = "<group>"; };
/* End PBXFileReference section */

/* Begin PBXFrameworksBuildPhase section */
		A052027D22D9099F00AFE60F /* Frameworks */ = {
			isa = PBXFrameworksBuildPhase;
			buildActionMask = 2147483647;
			files = (
			);
			runOnlyForDeploymentPostprocessing = 0;
		};
/* End PBXFrameworksBuildPhase section */

/* Begin PBXGroup section */
		A04484E822DCDF2600FE0654 /* Interface */ = {
			isa = PBXGroup;
			children = (
				A052028C22D909A000AFE60F /* LaunchScreen.storyboard */,
				A052028722D9099F00AFE60F /* Main.storyboard */,
			);
			path = Interface;
			sourceTree = "<group>";
		};
		A052027722D9099E00AFE60F = {
			isa = PBXGroup;
			children = (
				A052028222D9099F00AFE60F /* VuyImmo */,
				A052028122D9099F00AFE60F /* Products */,
			);
			sourceTree = "<group>";
		};
		A052028122D9099F00AFE60F /* Products */ = {
			isa = PBXGroup;
			children = (
				A052028022D9099F00AFE60F /* VuyImmo.app */,
			);
			name = Products;
			sourceTree = "<group>";
		};
		A052028222D9099F00AFE60F /* VuyImmo */ = {
			isa = PBXGroup;
			children = (
				A052029822D909D600AFE60F /* Helpers */,
				A052029C22D90BF200AFE60F /* Model */,
				A052029722D909CB00AFE60F /* Service */,
				A052029622D909BF00AFE60F /* Controller */,
				A052029522D909B500AFE60F /* View */,
				A052028322D9099F00AFE60F /* AppDelegate.swift */,
				A052028A22D909A000AFE60F /* Assets.xcassets */,
				A052028F22D909A000AFE60F /* Info.plist */,
			);
			path = VuyImmo;
			sourceTree = "<group>";
		};
		A052029522D909B500AFE60F /* View */ = {
			isa = PBXGroup;
			children = (
				A04484E822DCDF2600FE0654 /* Interface */,
				A052029E22D90C3700AFE60F /* Layout */,
			);
			path = View;
			sourceTree = "<group>";
		};
		A052029622D909BF00AFE60F /* Controller */ = {
			isa = PBXGroup;
			children = (
				A052028522D9099F00AFE60F /* LoginController.swift */,
				A052029A22D90AD400AFE60F /* SignInController.swift */,
				A05202A522D90E7F00AFE60F /* CreateFilmController.swift */,
				A05202A722D90ECB00AFE60F /* SenarioController.swift */,
				A05202A922D90EF700AFE60F /* ProfilController.swift */,
				A05202AB22D90F2800AFE60F /* MusicController.swift */,
			);
			path = Controller;
			sourceTree = "<group>";
		};
		A052029722D909CB00AFE60F /* Service */ = {
			isa = PBXGroup;
			children = (
				A05202AD22D90F5900AFE60F /* UserService.swift */,
			);
			path = Service;
			sourceTree = "<group>";
		};
		A052029822D909D600AFE60F /* Helpers */ = {
			isa = PBXGroup;
			children = (
				A05202B122D9105200AFE60F /* HandlerResult.swift */,
				A05202B322D9110600AFE60F /* UserSession.swift */,
			);
			path = Helpers;
			sourceTree = "<group>";
		};
		A052029C22D90BF200AFE60F /* Model */ = {
			isa = PBXGroup;
			children = (
				A05202AF22D90FE900AFE60F /* User.swift */,
				A05202B522D9115F00AFE60F /* Film.swift */,
			);
			path = Model;
			sourceTree = "<group>";
		};
		A052029E22D90C3700AFE60F /* Layout */ = {
			isa = PBXGroup;
			children = (
				A052029F22D90C8500AFE60F /* RoundedButton.swift */,
				A05202A122D90CC700AFE60F /* RoundedImageView.swift */,
				A05202A322D90CFD00AFE60F /* RoundedTextFied.swift */,
			);
			path = Layout;
			sourceTree = "<group>";
		};
/* End PBXGroup section */

/* Begin PBXNativeTarget section */
		A052027F22D9099F00AFE60F /* VuyImmo */ = {
			isa = PBXNativeTarget;
			buildConfigurationList = A052029222D909A000AFE60F /* Build configuration list for PBXNativeTarget "VuyImmo" */;
			buildPhases = (
				A052027C22D9099F00AFE60F /* Sources */,
				A052027D22D9099F00AFE60F /* Frameworks */,
				A052027E22D9099F00AFE60F /* Resources */,
			);
			buildRules = (
			);
			dependencies = (
			);
			name = VuyImmo;
			productName = VuyImmo;
			productReference = A052028022D9099F00AFE60F /* VuyImmo.app */;
			productType = "com.apple.product-type.application";
		};
/* End PBXNativeTarget section */

/* Begin PBXProject section */
		A052027822D9099F00AFE60F /* Project object */ = {
			isa = PBXProject;
			attributes = {
				LastSwiftUpdateCheck = 1020;
				LastUpgradeCheck = 1020;
				ORGANIZATIONNAME = Lucas;
				TargetAttributes = {
					A052027F22D9099F00AFE60F = {
						CreatedOnToolsVersion = 10.2.1;
					};
				};
			};
			buildConfigurationList = A052027B22D9099F00AFE60F /* Build configuration list for PBXProject "VuyImmo" */;
			compatibilityVersion = "Xcode 9.3";
			developmentRegion = en;
			hasScannedForEncodings = 0;
			knownRegions = (
				en,
				Base,
			);
			mainGroup = A052027722D9099E00AFE60F;
			productRefGroup = A052028122D9099F00AFE60F /* Products */;
			projectDirPath = "";
			projectRoot = "";
			targets = (
				A052027F22D9099F00AFE60F /* VuyImmo */,
			);
		};
/* End PBXProject section */

/* Begin PBXResourcesBuildPhase section */
		A052027E22D9099F00AFE60F /* Resources */ = {
			isa = PBXResourcesBuildPhase;
			buildActionMask = 2147483647;
			files = (
				A052028E22D909A000AFE60F /* LaunchScreen.storyboard in Resources */,
				A052028B22D909A000AFE60F /* Assets.xcassets in Resources */,
				A052028922D9099F00AFE60F /* Main.storyboard in Resources */,
			);
			runOnlyForDeploymentPostprocessing = 0;
		};
/* End PBXResourcesBuildPhase section */

/* Begin PBXSourcesBuildPhase section */
		A052027C22D9099F00AFE60F /* Sources */ = {
			isa = PBXSourcesBuildPhase;
			buildActionMask = 2147483647;
			files = (
				A05202A622D90E7F00AFE60F /* CreateFilmController.swift in Sources */,
				A05202AC22D90F2800AFE60F /* MusicController.swift in Sources */,
				A05202AA22D90EF700AFE60F /* ProfilController.swift in Sources */,
				A05202B422D9110600AFE60F /* UserSession.swift in Sources */,
				A05202A422D90CFD00AFE60F /* RoundedTextFied.swift in Sources */,
				A052029B22D90AD400AFE60F /* SignInController.swift in Sources */,
				A05202A222D90CC700AFE60F /* RoundedImageView.swift in Sources */,
				A05202AE22D90F5900AFE60F /* UserService.swift in Sources */,
				A052028622D9099F00AFE60F /* LoginController.swift in Sources */,
				A05202B022D90FE900AFE60F /* User.swift in Sources */,
				A05202B622D9115F00AFE60F /* Film.swift in Sources */,
				A052028422D9099F00AFE60F /* AppDelegate.swift in Sources */,
				A05202A022D90C8500AFE60F /* RoundedButton.swift in Sources */,
				A05202A822D90ECB00AFE60F /* SenarioController.swift in Sources */,
				A05202B222D9105200AFE60F /* HandlerResult.swift in Sources */,
			);
			runOnlyForDeploymentPostprocessing = 0;
		};
/* End PBXSourcesBuildPhase section */

/* Begin PBXVariantGroup section */
		A052028722D9099F00AFE60F /* Main.storyboard */ = {
			isa = PBXVariantGroup;
			children = (
				A052028822D9099F00AFE60F /* Base */,
			);
			name = Main.storyboard;
			sourceTree = "<group>";
		};
		A052028C22D909A000AFE60F /* LaunchScreen.storyboard */ = {
			isa = PBXVariantGroup;
			children = (
				A052028D22D909A000AFE60F /* Base */,
			);
			name = LaunchScreen.storyboard;
			sourceTree = "<group>";
		};
/* End PBXVariantGroup section */

/* Begin XCBuildConfiguration section */
		A052029022D909A000AFE60F /* Debug */ = {
			isa = XCBuildConfiguration;
			buildSettings = {
				ALWAYS_SEARCH_USER_PATHS = NO;
				CLANG_ANALYZER_NONNULL = YES;
				CLANG_ANALYZER_NUMBER_OBJECT_CONVERSION = YES_AGGRESSIVE;
				CLANG_CXX_LANGUAGE_STANDARD = "gnu++14";
				CLANG_CXX_LIBRARY = "libc++";
				CLANG_ENABLE_MODULES = YES;
				CLANG_ENABLE_OBJC_ARC = YES;
				CLANG_ENABLE_OBJC_WEAK = YES;
				CLANG_WARN_BLOCK_CAPTURE_AUTORELEASING = YES;
				CLANG_WARN_BOOL_CONVERSION = YES;
				CLANG_WARN_COMMA = YES;
				CLANG_WARN_CONSTANT_CONVERSION = YES;
				CLANG_WARN_DEPRECATED_OBJC_IMPLEMENTATIONS = YES;
				CLANG_WARN_DIRECT_OBJC_ISA_USAGE = YES_ERROR;
				CLANG_WARN_DOCUMENTATION_COMMENTS = YES;
				CLANG_WARN_EMPTY_BODY = YES;
				CLANG_WARN_ENUM_CONVERSION = YES;
				CLANG_WARN_INFINITE_RECURSION = YES;
				CLANG_WARN_INT_CONVERSION = YES;
				CLANG_WARN_NON_LITERAL_NULL_CONVERSION = YES;
				CLANG_WARN_OBJC_IMPLICIT_RETAIN_SELF = YES;
				CLANG_WARN_OBJC_LITERAL_CONVERSION = YES;
				CLANG_WARN_OBJC_ROOT_CLASS = YES_ERROR;
				CLANG_WARN_RANGE_LOOP_ANALYSIS = YES;
				CLANG_WARN_STRICT_PROTOTYPES = YES;
				CLANG_WARN_SUSPICIOUS_MOVE = YES;
				CLANG_WARN_UNGUARDED_AVAILABILITY = YES_AGGRESSIVE;
				CLANG_WARN_UNREACHABLE_CODE = YES;
				CLANG_WARN__DUPLICATE_METHOD_MATCH = YES;
				CODE_SIGN_IDENTITY = "iPhone Developer";
				COPY_PHASE_STRIP = NO;
				DEBUG_INFORMATION_FORMAT = dwarf;
				ENABLE_STRICT_OBJC_MSGSEND = YES;
				ENABLE_TESTABILITY = YES;
				GCC_C_LANGUAGE_STANDARD = gnu11;
				GCC_DYNAMIC_NO_PIC = NO;
				GCC_NO_COMMON_BLOCKS = YES;
				GCC_OPTIMIZATION_LEVEL = 0;
				GCC_PREPROCESSOR_DEFINITIONS = (
					"DEBUG=1",
					"$(inherited)",
				);
				GCC_WARN_64_TO_32_BIT_CONVERSION = YES;
				GCC_WARN_ABOUT_RETURN_TYPE = YES_ERROR;
				GCC_WARN_UNDECLARED_SELECTOR = YES;
				GCC_WARN_UNINITIALIZED_AUTOS = YES_AGGRESSIVE;
				GCC_WARN_UNUSED_FUNCTION = YES;
				GCC_WARN_UNUSED_VARIABLE = YES;
				IPHONEOS_DEPLOYMENT_TARGET = 12.2;
				MTL_ENABLE_DEBUG_INFO = INCLUDE_SOURCE;
				MTL_FAST_MATH = YES;
				ONLY_ACTIVE_ARCH = YES;
				SDKROOT = iphoneos;
				SWIFT_ACTIVE_COMPILATION_CONDITIONS = DEBUG;
				SWIFT_OPTIMIZATION_LEVEL = "-Onone";
			};
			name = Debug;
		};
		A052029122D909A000AFE60F /* Release */ = {
			isa = XCBuildConfiguration;
			buildSettings = {
				ALWAYS_SEARCH_USER_PATHS = NO;
				CLANG_ANALYZER_NONNULL = YES;
				CLANG_ANALYZER_NUMBER_OBJECT_CONVERSION = YES_AGGRESSIVE;
				CLANG_CXX_LANGUAGE_STANDARD = "gnu++14";
				CLANG_CXX_LIBRARY = "libc++";
				CLANG_ENABLE_MODULES = YES;
				CLANG_ENABLE_OBJC_ARC = YES;
				CLANG_ENABLE_OBJC_WEAK = YES;
				CLANG_WARN_BLOCK_CAPTURE_AUTORELEASING = YES;
				CLANG_WARN_BOOL_CONVERSION = YES;
				CLANG_WARN_COMMA = YES;
				CLANG_WARN_CONSTANT_CONVERSION = YES;
				CLANG_WARN_DEPRECATED_OBJC_IMPLEMENTATIONS = YES;
				CLANG_WARN_DIRECT_OBJC_ISA_USAGE = YES_ERROR;
				CLANG_WARN_DOCUMENTATION_COMMENTS = YES;
				CLANG_WARN_EMPTY_BODY = YES;
				CLANG_WARN_ENUM_CONVERSION = YES;
				CLANG_WARN_INFINITE_RECURSION = YES;
				CLANG_WARN_INT_CONVERSION = YES;
				CLANG_WARN_NON_LITERAL_NULL_CONVERSION = YES;
				CLANG_WARN_OBJC_IMPLICIT_RETAIN_SELF = YES;
				CLANG_WARN_OBJC_LITERAL_CONVERSION = YES;
				CLANG_WARN_OBJC_ROOT_CLASS = YES_ERROR;
				CLANG_WARN_RANGE_LOOP_ANALYSIS = YES;
				CLANG_WARN_STRICT_PROTOTYPES = YES;
				CLANG_WARN_SUSPICIOUS_MOVE = YES;
				CLANG_WARN_UNGUARDED_AVAILABILITY = YES_AGGRESSIVE;
				CLANG_WARN_UNREACHABLE_CODE = YES;
				CLANG_WARN__DUPLICATE_METHOD_MATCH = YES;
				CODE_SIGN_IDENTITY = "iPhone Developer";
				COPY_PHASE_STRIP = NO;
				DEBUG_INFORMATION_FORMAT = "dwarf-with-dsym";
				ENABLE_NS_ASSERTIONS = NO;
				ENABLE_STRICT_OBJC_MSGSEND = YES;
				GCC_C_LANGUAGE_STANDARD = gnu11;
				GCC_NO_COMMON_BLOCKS = YES;
				GCC_WARN_64_TO_32_BIT_CONVERSION = YES;
				GCC_WARN_ABOUT_RETURN_TYPE = YES_ERROR;
				GCC_WARN_UNDECLARED_SELECTOR = YES;
				GCC_WARN_UNINITIALIZED_AUTOS = YES_AGGRESSIVE;
				GCC_WARN_UNUSED_FUNCTION = YES;
				GCC_WARN_UNUSED_VARIABLE = YES;
				IPHONEOS_DEPLOYMENT_TARGET = 12.2;
				MTL_ENABLE_DEBUG_INFO = NO;
				MTL_FAST_MATH = YES;
				SDKROOT = iphoneos;
				SWIFT_COMPILATION_MODE = wholemodule;
				SWIFT_OPTIMIZATION_LEVEL = "-O";
				VALIDATE_PRODUCT = YES;
			};
			name = Release;
		};
		A052029322D909A000AFE60F /* Debug */ = {
			isa = XCBuildConfiguration;
			buildSettings = {
				ASSETCATALOG_COMPILER_APPICON_NAME = AppIcon;
				CODE_SIGN_STYLE = Automatic;
				DEVELOPMENT_TEAM = "";
				INFOPLIST_FILE = VuyImmo/Info.plist;
				LD_RUNPATH_SEARCH_PATHS = (
					"$(inherited)",
					"@executable_path/Frameworks",
				);
				PRODUCT_BUNDLE_IDENTIFIER = com.vuy.VuyImmo;
				PRODUCT_NAME = "$(TARGET_NAME)";
				SWIFT_VERSION = 5.0;
				TARGETED_DEVICE_FAMILY = "1,2";
			};
			name = Debug;
		};
		A052029422D909A000AFE60F /* Release */ = {
			isa = XCBuildConfiguration;
			buildSettings = {
				ASSETCATALOG_COMPILER_APPICON_NAME = AppIcon;
				CODE_SIGN_STYLE = Automatic;
				DEVELOPMENT_TEAM = "";
				INFOPLIST_FILE = VuyImmo/Info.plist;
				LD_RUNPATH_SEARCH_PATHS = (
					"$(inherited)",
					"@executable_path/Frameworks",
				);
				PRODUCT_BUNDLE_IDENTIFIER = com.vuy.VuyImmo;
				PRODUCT_NAME = "$(TARGET_NAME)";
				SWIFT_VERSION = 5.0;
				TARGETED_DEVICE_FAMILY = "1,2";
			};
			name = Release;
		};
/* End XCBuildConfiguration section */

/* Begin XCConfigurationList section */
		A052027B22D9099F00AFE60F /* Build configuration list for PBXProject "VuyImmo" */ = {
			isa = XCConfigurationList;
			buildConfigurations = (
				A052029022D909A000AFE60F /* Debug */,
				A052029122D909A000AFE60F /* Release */,
			);
			defaultConfigurationIsVisible = 0;
			defaultConfigurationName = Release;
		};
		A052029222D909A000AFE60F /* Build configuration list for PBXNativeTarget "VuyImmo" */ = {
			isa = XCConfigurationList;
			buildConfigurations = (
				A052029322D909A000AFE60F /* Debug */,
				A052029422D909A000AFE60F /* Release */,
			);
			defaultConfigurationIsVisible = 0;
			defaultConfigurationName = Release;
		};
/* End XCConfigurationList section */
	};
	rootObject = A052027822D9099F00AFE60F /* Project object */;
}
